
Microsoft Visual Studio Solution File, Format Version 12.00
# Visual Studio Version 17
VisualStudioVersion = 17.8.34511.84
MinimumVisualStudioVersion = 10.0.40219.1
Project("{FAE04EC0-301F-11D3-BF4B-00C04F79EFBC}") = "Harjoitukset", "Harjoitukset.csproj", "{19B7D379-7C16-4741-A12E-9DCB6F09BCA8}"
EndProject
Global
	GlobalSection(SolutionConfigurationPlatforms) = preSolution
		Debug|Any CPU = Debug|Any CPU
		Release|Any CPU = Release|Any CPU
	EndGlobalSection
	GlobalSection(ProjectConfigurationPlatforms) = postSolution
		{19B7D379-7C16-4741-A12E-9DCB6F09BCA8}.Debug|Any CPU.ActiveCfg = Debug|Any CPU
		{19B7D379-7C16-4741-A12E-9DCB6F09BCA8}.Debug|Any CPU.Build.0 = Debug|Any CPU
		{19B7D379-7C16-4741-A12E-9DCB6F09BCA8}.Release|Any CPU.ActiveCfg = Release|Any CPU
		{19B7D379-7C16-4741-A12E-9DCB6F09BCA8}.Release|Any CPU.Build.0 = Release|Any CPU
	EndGlobalSection
	GlobalSection(SolutionProperties) = preSolution
		HideSolutionNode = FALSE
	EndGlobalSection
	GlobalSection(ExtensibilityGlobals) = postSolution
		SolutionGuid = {CEDC1A02-568F-40A4-868F-E16D4F2C14FC}
	EndGlobalSection
EndGlobal
